
Microsoft Visual Studio Solution File, Format Version 12.00
# Visual Studio Version 16
VisualStudioVersion = 16.0.31321.278
MinimumVisualStudioVersion = 10.0.40219.1
Project("{9A19103F-16F7-4668-BE54-9A1E7A4F7556}") = "CustomerClassLibrary", "CustomerClassLibrary\CustomerClassLibrary.csproj", "{8AA77CA4-54CF-41C4-BE60-8F81063D0F83}"
EndProject
Project("{9A19103F-16F7-4668-BE54-9A1E7A4F7556}") = "CustomerLibraryTests", "CustomerLibraryTests\CustomerLibraryTests.csproj", "{F976F7CD-7287-4ECD-A0A5-28FBC9109D80}"
EndProject
Project("{9A19103F-16F7-4668-BE54-9A1E7A4F7556}") = "CustomerClassLibrary.Data", "CustomerClassLibrary.Data\CustomerClassLibrary.Data.csproj", "{A51099F3-1E2E-4311-BAD1-1C525796C47D}"
EndProject
Project("{2150E333-8FDC-42A3-9474-1A3956D46DE8}") = "Tests", "Tests", "{FF0C0B48-1E47-442B-A328-AE95A7A1BD6D}"
EndProject
Project("{2150E333-8FDC-42A3-9474-1A3956D46DE8}") = "Src", "Src", "{4A889042-B347-413B-9E1B-CF9A7FC13A5F}"
EndProject
Project("{9A19103F-16F7-4668-BE54-9A1E7A4F7556}") = "CustomerClassLibrary.IntegrationTests", "CustomerClassLibrary.IntegrationTests\CustomerClassLibrary.IntegrationTests.csproj", "{09115383-144D-443F-9A92-F5FA8E37B8A2}"
EndProject
Project("{FAE04EC0-301F-11D3-BF4B-00C04F79EFBC}") = "CustomerClassLibrary.WebForms", "CustomerClassLibrary.WebForms\CustomerClassLibrary.WebForms.csproj", "{8EB7D831-EAFF-4E68-88C2-AF765D2CA7DF}"
EndProject
Project("{9A19103F-16F7-4668-BE54-9A1E7A4F7556}") = "CustomerClassLibrary.WebForms.Tests", "CustomerClassLibrary.WebForms.Tests\CustomerClassLibrary.WebForms.Tests.csproj", "{79ADB4E7-EBD1-4932-9613-7BCC3BD09E1A}"
EndProject
Project("{FAE04EC0-301F-11D3-BF4B-00C04F79EFBC}") = "CustomerClassLibrary.WebMvc", "CustomerClassLibrary.WebMvc\CustomerClassLibrary.WebMvc.csproj", "{41CC1924-7A61-4056-9654-970C60C73308}"
EndProject
Project("{FAE04EC0-301F-11D3-BF4B-00C04F79EFBC}") = "CustomerClassLibrary.WebMvc.Tests", "CustomerClassLibrary.WebMvc.Tests\CustomerClassLibrary.WebMvc.Tests.csproj", "{FFCD222C-F07B-41B3-8F08-38C033D00D22}"
EndProject
Global
	GlobalSection(SolutionConfigurationPlatforms) = preSolution
		Debug|Any CPU = Debug|Any CPU
		Release|Any CPU = Release|Any CPU
	EndGlobalSection
	GlobalSection(ProjectConfigurationPlatforms) = postSolution
		{8AA77CA4-54CF-41C4-BE60-8F81063D0F83}.Debug|Any CPU.ActiveCfg = Debug|Any CPU
		{8AA77CA4-54CF-41C4-BE60-8F81063D0F83}.Debug|Any CPU.Build.0 = Debug|Any CPU
		{8AA77CA4-54CF-41C4-BE60-8F81063D0F83}.Release|Any CPU.ActiveCfg = Release|Any CPU
		{8AA77CA4-54CF-41C4-BE60-8F81063D0F83}.Release|Any CPU.Build.0 = Release|Any CPU
		{F976F7CD-7287-4ECD-A0A5-28FBC9109D80}.Debug|Any CPU.ActiveCfg = Debug|Any CPU
		{F976F7CD-7287-4ECD-A0A5-28FBC9109D80}.Debug|Any CPU.Build.0 = Debug|Any CPU
		{F976F7CD-7287-4ECD-A0A5-28FBC9109D80}.Release|Any CPU.ActiveCfg = Release|Any CPU
		{F976F7CD-7287-4ECD-A0A5-28FBC9109D80}.Release|Any CPU.Build.0 = Release|Any CPU
		{A51099F3-1E2E-4311-BAD1-1C525796C47D}.Debug|Any CPU.ActiveCfg = Debug|Any CPU
		{A51099F3-1E2E-4311-BAD1-1C525796C47D}.Debug|Any CPU.Build.0 = Debug|Any CPU
		{A51099F3-1E2E-4311-BAD1-1C525796C47D}.Release|Any CPU.ActiveCfg = Release|Any CPU
		{A51099F3-1E2E-4311-BAD1-1C525796C47D}.Release|Any CPU.Build.0 = Release|Any CPU
		{09115383-144D-443F-9A92-F5FA8E37B8A2}.Debug|Any CPU.ActiveCfg = Debug|Any CPU
		{09115383-144D-443F-9A92-F5FA8E37B8A2}.Debug|Any CPU.Build.0 = Debug|Any CPU
		{09115383-144D-443F-9A92-F5FA8E37B8A2}.Release|Any CPU.ActiveCfg = Release|Any CPU
		{09115383-144D-443F-9A92-F5FA8E37B8A2}.Release|Any CPU.Build.0 = Release|Any CPU
		{8EB7D831-EAFF-4E68-88C2-AF765D2CA7DF}.Debug|Any CPU.ActiveCfg = Debug|Any CPU
		{8EB7D831-EAFF-4E68-88C2-AF765D2CA7DF}.Debug|Any CPU.Build.0 = Debug|Any CPU
		{8EB7D831-EAFF-4E68-88C2-AF765D2CA7DF}.Release|Any CPU.ActiveCfg = Release|Any CPU
		{8EB7D831-EAFF-4E68-88C2-AF765D2CA7DF}.Release|Any CPU.Build.0 = Release|Any CPU
		{79ADB4E7-EBD1-4932-9613-7BCC3BD09E1A}.Debug|Any CPU.ActiveCfg = Debug|Any CPU
		{79ADB4E7-EBD1-4932-9613-7BCC3BD09E1A}.Debug|Any CPU.Build.0 = Debug|Any CPU
		{79ADB4E7-EBD1-4932-9613-7BCC3BD09E1A}.Release|Any CPU.ActiveCfg = Release|Any CPU
		{79ADB4E7-EBD1-4932-9613-7BCC3BD09E1A}.Release|Any CPU.Build.0 = Release|Any CPU
		{41CC1924-7A61-4056-9654-970C60C73308}.Debug|Any CPU.ActiveCfg = Debug|Any CPU
		{41CC1924-7A61-4056-9654-970C60C73308}.Debug|Any CPU.Build.0 = Debug|Any CPU
		{41CC1924-7A61-4056-9654-970C60C73308}.Release|Any CPU.ActiveCfg = Release|Any CPU
		{41CC1924-7A61-4056-9654-970C60C73308}.Release|Any CPU.Build.0 = Release|Any CPU
		{FFCD222C-F07B-41B3-8F08-38C033D00D22}.Debug|Any CPU.ActiveCfg = Debug|Any CPU
		{FFCD222C-F07B-41B3-8F08-38C033D00D22}.Debug|Any CPU.Build.0 = Debug|Any CPU
		{FFCD222C-F07B-41B3-8F08-38C033D00D22}.Release|Any CPU.ActiveCfg = Release|Any CPU
		{FFCD222C-F07B-41B3-8F08-38C033D00D22}.Release|Any CPU.Build.0 = Release|Any CPU
	EndGlobalSection
	GlobalSection(SolutionProperties) = preSolution
		HideSolutionNode = FALSE
	EndGlobalSection
	GlobalSection(NestedProjects) = preSolution
		{8AA77CA4-54CF-41C4-BE60-8F81063D0F83} = {4A889042-B347-413B-9E1B-CF9A7FC13A5F}
		{F976F7CD-7287-4ECD-A0A5-28FBC9109D80} = {FF0C0B48-1E47-442B-A328-AE95A7A1BD6D}
		{A51099F3-1E2E-4311-BAD1-1C525796C47D} = {4A889042-B347-413B-9E1B-CF9A7FC13A5F}
		{09115383-144D-443F-9A92-F5FA8E37B8A2} = {FF0C0B48-1E47-442B-A328-AE95A7A1BD6D}
		{8EB7D831-EAFF-4E68-88C2-AF765D2CA7DF} = {4A889042-B347-413B-9E1B-CF9A7FC13A5F}
		{79ADB4E7-EBD1-4932-9613-7BCC3BD09E1A} = {FF0C0B48-1E47-442B-A328-AE95A7A1BD6D}
		{41CC1924-7A61-4056-9654-970C60C73308} = {4A889042-B347-413B-9E1B-CF9A7FC13A5F}
		{FFCD222C-F07B-41B3-8F08-38C033D00D22} = {FF0C0B48-1E47-442B-A328-AE95A7A1BD6D}
	EndGlobalSection
	GlobalSection(ExtensibilityGlobals) = postSolution
		SolutionGuid = {0A86CC67-09EE-480D-8F94-7806728C4E56}
	EndGlobalSection
EndGlobal
